{
    "version": 3,
    "terraform_version": "0.10.0",
    "serial": 7,
    "lineage": "a08fb581-42d1-40e9-87f3-f8fef38bb683",
    "modules": [
        {
            "path": [
                "root"
            ],
            "outputs": {
                "repository-arn": {
                    "sensitive": false,
                    "type": "string",
                    "value": "arn:aws:ecr:us-west-2:842337631775:repository/ac-test-repo"
                },
                "repository-name": {
                    "sensitive": false,
                    "type": "string",
                    "value": "ac-test-repo"
                },
                "repository-url": {
                    "sensitive": false,
                    "type": "string",
                    "value": "842337631775.dkr.ecr.us-west-2.amazonaws.com/ac-test-repo"
                }
            },
            "resources": {
                "aws_ecr_repository.test-repo": {
                    "type": "aws_ecr_repository",
                    "depends_on": [],
                    "primary": {
                        "id": "ac-test-repo",
                        "attributes": {
                            "arn": "arn:aws:ecr:us-west-2:842337631775:repository/ac-test-repo",
                            "id": "ac-test-repo",
                            "name": "ac-test-repo",
                            "registry_id": "842337631775",
                            "repository_url": "842337631775.dkr.ecr.us-west-2.amazonaws.com/ac-test-repo"
                        },
                        "meta": {},
                        "tainted": false
                    },
                    "deposed": [],
                    "provider": ""
                },
                "aws_ecr_repository_policy.test-repo-policy": {
                    "type": "aws_ecr_repository_policy",
                    "depends_on": [
                        "aws_ecr_repository.test-repo",
                        "data.aws_iam_policy_document.ecr_policy"
                    ],
                    "primary": {
                        "id": "ac-test-repo",
                        "attributes": {
                            "id": "ac-test-repo",
                            "policy": "{\n  \"Version\": \"2012-10-17\",\n  \"Statement\": [\n    {\n      \"Sid\": \"\",\n      \"Effect\": \"Allow\",\n      \"Action\": [\n        \"ecr:UploadLayerPart\",\n        \"ecr:SetRepositoryPolicy\",\n        \"ecr:PutImage\",\n        \"ecr:ListImages\",\n        \"ecr:InitiateLayerUpload\",\n        \"ecr:GetRepositoryPolicy\",\n        \"ecr:GetDownloadUrlForLayer\",\n        \"ecr:GetAuthorizationToken\",\n        \"ecr:DescribeRepositories\",\n        \"ecr:DeleteRepositoryPolicy\",\n        \"ecr:DeleteRepository\",\n        \"ecr:CompleteLayerUpload\",\n        \"ecr:BatchGetImage\",\n        \"ecr:BatchDeleteImage\",\n        \"ecr:BatchCheckLayerAvailability\"\n      ],\n      \"Resource\": \"*\",\n      \"Principal\": \"*\",\n      \"Condition\": {\n        \"ArnEquals\": {\n          \"aws:SourceArn\": \"arn:aws:iam::############:role/asdf\"\n        }\n      }\n    }\n  ]\n}",
                            "registry_id": "842337631775",
                            "repository": "ac-test-repo"
                        },
                        "meta": {},
                        "tainted": false
                    },
                    "deposed": [],
                    "provider": ""
                },
                "data.aws_iam_policy_document.ecr_policy": {
                    "type": "aws_iam_policy_document",
                    "depends_on": [],
                    "primary": {
                        "id": "1826591474",
                        "attributes": {
                            "id": "1826591474",
                            "json": "{\n  \"Version\": \"2012-10-17\",\n  \"Statement\": [\n    {\n      \"Sid\": \"\",\n      \"Effect\": \"Allow\",\n      \"Action\": [\n        \"ecr:UploadLayerPart\",\n        \"ecr:SetRepositoryPolicy\",\n        \"ecr:PutImage\",\n        \"ecr:ListImages\",\n        \"ecr:InitiateLayerUpload\",\n        \"ecr:GetRepositoryPolicy\",\n        \"ecr:GetDownloadUrlForLayer\",\n        \"ecr:GetAuthorizationToken\",\n        \"ecr:DescribeRepositories\",\n        \"ecr:DeleteRepositoryPolicy\",\n        \"ecr:DeleteRepository\",\n        \"ecr:CompleteLayerUpload\",\n        \"ecr:BatchGetImage\",\n        \"ecr:BatchDeleteImage\",\n        \"ecr:BatchCheckLayerAvailability\"\n      ],\n      \"Resource\": \"*\",\n      \"Principal\": \"*\",\n      \"Condition\": {\n        \"ArnEquals\": {\n          \"aws:SourceArn\": \"arn:aws:iam::############:role/asdf\"\n        }\n      }\n    }\n  ]\n}",
                            "statement.#": "1",
                            "statement.0.actions.#": "15",
                            "statement.0.actions.1035341934": "ecr:DescribeRepositories",
                            "statement.0.actions.1089163876": "ecr:DeleteRepositoryPolicy",
                            "statement.0.actions.1689083278": "ecr:BatchDeleteImage",
                            "statement.0.actions.1813900036": "ecr:BatchCheckLayerAvailability",
                            "statement.0.actions.209119921": "ecr:GetRepositoryPolicy",
                            "statement.0.actions.2172484379": "ecr:DeleteRepository",
                            "statement.0.actions.2578429660": "ecr:UploadLayerPart",
                            "statement.0.actions.2610373158": "ecr:GetDownloadUrlForLayer",
                            "statement.0.actions.2724047565": "ecr:SetRepositoryPolicy",
                            "statement.0.actions.356957045": "ecr:InitiateLayerUpload",
                            "statement.0.actions.3752287614": "ecr:GetAuthorizationToken",
                            "statement.0.actions.4234869000": "ecr:BatchGetImage",
                            "statement.0.actions.4272682636": "ecr:ListImages",
                            "statement.0.actions.490001327": "ecr:CompleteLayerUpload",
                            "statement.0.actions.977834259": "ecr:PutImage",
                            "statement.0.condition.#": "1",
                            "statement.0.condition.580123531.test": "ArnEquals",
                            "statement.0.condition.580123531.values.#": "1",
                            "statement.0.condition.580123531.values.3830171386": "arn:aws:iam::############:role/asdf",
                            "statement.0.condition.580123531.variable": "aws:SourceArn",
                            "statement.0.effect": "Allow",
                            "statement.0.not_actions.#": "0",
                            "statement.0.not_principals.#": "0",
                            "statement.0.not_resources.#": "0",
                            "statement.0.principals.#": "1",
                            "statement.0.principals.636693895.identifiers.#": "1",
                            "statement.0.principals.636693895.identifiers.2679715827": "*",
                            "statement.0.principals.636693895.type": "AWS",
                            "statement.0.resources.#": "1",
                            "statement.0.resources.2679715827": "*",
                            "statement.0.sid": ""
                        },
                        "meta": {},
                        "tainted": false
                    },
                    "deposed": [],
                    "provider": ""
                }
            },
            "depends_on": []
        }
    ]
}
