{
    "version": 3,
    "terraform_version": "0.10.7",
    "serial": 60,
    "lineage": "a08fb581-42d1-40e9-87f3-f8fef38bb683",
    "modules": [
        {
            "path": [
                "root"
            ],
            "outputs": {
                "alb_dns_name": {
                    "sensitive": false,
                    "type": "string",
                    "value": "1s-demo-load-balancer-1111024843.us-west-2.elb.amazonaws.com"
                },
                "alb_security_group": {
                    "sensitive": false,
                    "type": "string",
                    "value": "sg-b57ec3c8"
                },
                "ecs_security_group": {
                    "sensitive": false,
                    "type": "string",
                    "value": "sg-9478c5e9"
                },
                "subnets": {
                    "sensitive": false,
                    "type": "list",
                    "value": [
                        "subnet-ba3890f2",
                        "subnet-4070fb26"
                    ]
                },
                "vpc_id": {
                    "sensitive": false,
                    "type": "string",
                    "value": "vpc-82b5f0e4"
                }
            },
            "resources": {
                "aws_alb.load_balancer": {
                    "type": "aws_alb",
                    "depends_on": [
                        "aws_security_group.alb",
                        "aws_subnet.subnets.*"
                    ],
                    "primary": {
                        "id": "arn:aws:elasticloadbalancing:us-west-2:842337631775:loadbalancer/app/1s-demo-load-balancer/b1fbb78642b22c9a",
                        "attributes": {
                            "access_logs.#": "0",
                            "arn": "arn:aws:elasticloadbalancing:us-west-2:842337631775:loadbalancer/app/1s-demo-load-balancer/b1fbb78642b22c9a",
                            "arn_suffix": "app/1s-demo-load-balancer/b1fbb78642b22c9a",
                            "dns_name": "1s-demo-load-balancer-1111024843.us-west-2.elb.amazonaws.com",
                            "enable_deletion_protection": "false",
                            "id": "arn:aws:elasticloadbalancing:us-west-2:842337631775:loadbalancer/app/1s-demo-load-balancer/b1fbb78642b22c9a",
                            "idle_timeout": "60",
                            "internal": "false",
                            "ip_address_type": "ipv4",
                            "name": "1s-demo-load-balancer",
                            "security_groups.#": "1",
                            "security_groups.93756966": "sg-b57ec3c8",
                            "subnets.#": "2",
                            "subnets.1390767548": "subnet-ba3890f2",
                            "subnets.3389244746": "subnet-4070fb26",
                            "tags.%": "1",
                            "tags.Name": "1S ECS Demo ALB",
                            "vpc_id": "vpc-82b5f0e4",
                            "zone_id": "Z1H1FL5HABSF5"
                        },
                        "meta": {
                            "e2bfb730-ecaa-11e6-8f88-34363bc7c4c0": {
                                "create": 600000000000,
                                "delete": 600000000000,
                                "update": 600000000000
                            }
                        },
                        "tainted": false
                    },
                    "deposed": [],
                    "provider": ""
                },
                "aws_alb_listener.front_end": {
                    "type": "aws_alb_listener",
                    "depends_on": [
                        "aws_alb.load_balancer",
                        "aws_alb_target_group.ecs_targets"
                    ],
                    "primary": {
                        "id": "arn:aws:elasticloadbalancing:us-west-2:842337631775:listener/app/1s-demo-load-balancer/b1fbb78642b22c9a/c1f78082eb0850fc",
                        "attributes": {
                            "arn": "arn:aws:elasticloadbalancing:us-west-2:842337631775:listener/app/1s-demo-load-balancer/b1fbb78642b22c9a/c1f78082eb0850fc",
                            "default_action.#": "1",
                            "default_action.0.target_group_arn": "arn:aws:elasticloadbalancing:us-west-2:842337631775:targetgroup/1s-ecs-demo-tg/36ade3faebcb56d0",
                            "default_action.0.type": "forward",
                            "id": "arn:aws:elasticloadbalancing:us-west-2:842337631775:listener/app/1s-demo-load-balancer/b1fbb78642b22c9a/c1f78082eb0850fc",
                            "load_balancer_arn": "arn:aws:elasticloadbalancing:us-west-2:842337631775:loadbalancer/app/1s-demo-load-balancer/b1fbb78642b22c9a",
                            "port": "80",
                            "protocol": "HTTP",
                            "ssl_policy": ""
                        },
                        "meta": {},
                        "tainted": false
                    },
                    "deposed": [],
                    "provider": ""
                },
                "aws_alb_target_group.ecs_targets": {
                    "type": "aws_alb_target_group",
                    "depends_on": [
                        "aws_vpc.demo_vpc"
                    ],
                    "primary": {
                        "id": "arn:aws:elasticloadbalancing:us-west-2:842337631775:targetgroup/1s-ecs-demo-tg/36ade3faebcb56d0",
                        "attributes": {
                            "arn": "arn:aws:elasticloadbalancing:us-west-2:842337631775:targetgroup/1s-ecs-demo-tg/36ade3faebcb56d0",
                            "arn_suffix": "targetgroup/1s-ecs-demo-tg/36ade3faebcb56d0",
                            "deregistration_delay": "300",
                            "health_check.#": "1",
                            "health_check.0.healthy_threshold": "5",
                            "health_check.0.interval": "30",
                            "health_check.0.matcher": "200",
                            "health_check.0.path": "/",
                            "health_check.0.port": "traffic-port",
                            "health_check.0.protocol": "HTTP",
                            "health_check.0.timeout": "5",
                            "health_check.0.unhealthy_threshold": "2",
                            "id": "arn:aws:elasticloadbalancing:us-west-2:842337631775:targetgroup/1s-ecs-demo-tg/36ade3faebcb56d0",
                            "name": "1s-ecs-demo-tg",
                            "port": "80",
                            "protocol": "HTTP",
                            "stickiness.#": "1",
                            "stickiness.0.cookie_duration": "86400",
                            "stickiness.0.enabled": "false",
                            "stickiness.0.type": "lb_cookie",
                            "tags.%": "0",
                            "vpc_id": "vpc-82b5f0e4"
                        },
                        "meta": {},
                        "tainted": false
                    },
                    "deposed": [],
                    "provider": ""
                },
                "aws_autoscaling_group.ecs_asg": {
                    "type": "aws_autoscaling_group",
                    "depends_on": [
                        "aws_alb_target_group.ecs_targets",
                        "aws_launch_configuration.launch_config",
                        "aws_subnet.subnets.*"
                    ],
                    "primary": {
                        "id": "1s_ecs_demo_asg",
                        "attributes": {
                            "arn": "arn:aws:autoscaling:us-west-2:842337631775:autoScalingGroup:fbbd4059-3089-43ab-a5eb-93522b7b9d59:autoScalingGroupName/1s_ecs_demo_asg",
                            "availability_zones.#": "2",
                            "availability_zones.221770259": "us-west-2b",
                            "availability_zones.2487133097": "us-west-2a",
                            "default_cooldown": "300",
                            "desired_capacity": "2",
                            "force_delete": "true",
                            "health_check_grace_period": "300",
                            "health_check_type": "EC2",
                            "id": "1s_ecs_demo_asg",
                            "launch_configuration": "1s_ecs_demo_launch_config_20171007070625167500000001",
                            "load_balancers.#": "0",
                            "max_size": "3",
                            "metrics_granularity": "1Minute",
                            "min_size": "1",
                            "name": "1s_ecs_demo_asg",
                            "placement_group": "",
                            "protect_from_scale_in": "false",
                            "suspended_processes.#": "0",
                            "tag.#": "1",
                            "tag.397279244.key": "Name",
                            "tag.397279244.propagate_at_launch": "true",
                            "tag.397279244.value": "1S ECS Demo Instance",
                            "target_group_arns.#": "1",
                            "target_group_arns.1328996325": "arn:aws:elasticloadbalancing:us-west-2:842337631775:targetgroup/1s-ecs-demo-tg/36ade3faebcb56d0",
                            "termination_policies.#": "0",
                            "vpc_zone_identifier.#": "2",
                            "vpc_zone_identifier.1390767548": "subnet-ba3890f2",
                            "vpc_zone_identifier.3389244746": "subnet-4070fb26",
                            "wait_for_capacity_timeout": "10m"
                        },
                        "meta": {
                            "e2bfb730-ecaa-11e6-8f88-34363bc7c4c0": {
                                "delete": 600000000000
                            }
                        },
                        "tainted": false
                    },
                    "deposed": [],
                    "provider": ""
                },
                "aws_default_route_table.routes": {
                    "type": "aws_default_route_table",
                    "depends_on": [
                        "aws_internet_gateway.gw",
                        "aws_vpc.demo_vpc"
                    ],
                    "primary": {
                        "id": "rtb-3c2f8645",
                        "attributes": {
                            "default_route_table_id": "rtb-3c2f8645",
                            "id": "rtb-3c2f8645",
                            "propagating_vgws.#": "0",
                            "route.#": "1",
                            "route.3086520369.cidr_block": "10.0.0.0/0",
                            "route.3086520369.egress_only_gateway_id": "",
                            "route.3086520369.gateway_id": "igw-5b64363c",
                            "route.3086520369.instance_id": "",
                            "route.3086520369.ipv6_cidr_block": "",
                            "route.3086520369.nat_gateway_id": "",
                            "route.3086520369.network_interface_id": "",
                            "route.3086520369.vpc_peering_connection_id": "",
                            "tags.%": "1",
                            "tags.Name": "1S ECS Demo Route Table",
                            "vpc_id": "vpc-82b5f0e4"
                        },
                        "meta": {},
                        "tainted": false
                    },
                    "deposed": [],
                    "provider": ""
                },
                "aws_ecs_cluster.cluster": {
                    "type": "aws_ecs_cluster",
                    "depends_on": [],
                    "primary": {
                        "id": "arn:aws:ecs:us-west-2:842337631775:cluster/1S-ECS-Demo-Cluster",
                        "attributes": {
                            "id": "arn:aws:ecs:us-west-2:842337631775:cluster/1S-ECS-Demo-Cluster",
                            "name": "1S-ECS-Demo-Cluster"
                        },
                        "meta": {},
                        "tainted": false
                    },
                    "deposed": [],
                    "provider": ""
                },
                "aws_ecs_service.service": {
                    "type": "aws_ecs_service",
                    "depends_on": [
                        "aws_alb_target_group.ecs_targets",
                        "aws_autoscaling_group.ecs_asg",
                        "aws_ecs_cluster.cluster",
                        "aws_ecs_task_definition.task_def",
                        "aws_iam_role.service_role"
                    ],
                    "primary": {
                        "id": "arn:aws:ecs:us-west-2:842337631775:service/1s_ecs_demo",
                        "attributes": {
                            "cluster": "arn:aws:ecs:us-west-2:842337631775:cluster/1S-ECS-Demo-Cluster",
                            "deployment_maximum_percent": "200",
                            "deployment_minimum_healthy_percent": "100",
                            "desired_count": "2",
                            "iam_role": "arn:aws:iam::842337631775:role/1s_ecs_demo_service_role",
                            "id": "arn:aws:ecs:us-west-2:842337631775:service/1s_ecs_demo",
                            "load_balancer.#": "1",
                            "load_balancer.1086994547.container_name": "1s_ecs_demo_container",
                            "load_balancer.1086994547.container_port": "8080",
                            "load_balancer.1086994547.elb_name": "",
                            "load_balancer.1086994547.target_group_arn": "arn:aws:elasticloadbalancing:us-west-2:842337631775:targetgroup/1s-ecs-demo-tg/36ade3faebcb56d0",
                            "name": "1s_ecs_demo",
                            "placement_constraints.#": "0",
                            "placement_strategy.#": "1",
                            "placement_strategy.2437993776.field": "attribute:ecs.availability_zone",
                            "placement_strategy.2437993776.type": "spread",
                            "task_definition": "arn:aws:ecs:us-west-2:842337631775:task-definition/1s_ecs_demo_task:6"
                        },
                        "meta": {},
                        "tainted": false
                    },
                    "deposed": [],
                    "provider": ""
                },
                "aws_ecs_task_definition.task_def": {
                    "type": "aws_ecs_task_definition",
                    "depends_on": [],
                    "primary": {
                        "id": "1s_ecs_demo_task",
                        "attributes": {
                            "arn": "arn:aws:ecs:us-west-2:842337631775:task-definition/1s_ecs_demo_task:6",
                            "container_definitions": "1844f568b815a30dbf7512982e3a6d604a45d311",
                            "family": "1s_ecs_demo_task",
                            "id": "1s_ecs_demo_task",
                            "network_mode": "",
                            "placement_constraints.#": "0",
                            "revision": "6",
                            "task_role_arn": ""
                        },
                        "meta": {},
                        "tainted": false
                    },
                    "deposed": [],
                    "provider": ""
                },
                "aws_iam_instance_profile.ecs_instance_profile": {
                    "type": "aws_iam_instance_profile",
                    "depends_on": [
                        "aws_iam_role.instance_role"
                    ],
                    "primary": {
                        "id": "1s_ecs_demo_instance_profile",
                        "attributes": {
                            "arn": "arn:aws:iam::842337631775:instance-profile/1s_ecs_demo_instance_profile",
                            "id": "1s_ecs_demo_instance_profile",
                            "name": "1s_ecs_demo_instance_profile",
                            "path": "/",
                            "role": "1s_ecs_demo_instance_role",
                            "roles.#": "1",
                            "roles.158766129": "1s_ecs_demo_instance_role",
                            "unique_id": "AIPAI2LF4QOBH7NXFNWFC"
                        },
                        "meta": {},
                        "tainted": false
                    },
                    "deposed": [],
                    "provider": ""
                },
                "aws_iam_role.instance_role": {
                    "type": "aws_iam_role",
                    "depends_on": [],
                    "primary": {
                        "id": "1s_ecs_demo_instance_role",
                        "attributes": {
                            "arn": "arn:aws:iam::842337631775:role/1s_ecs_demo_instance_role",
                            "assume_role_policy": "{\"Version\":\"2008-10-17\",\"Statement\":[{\"Sid\":\"\",\"Effect\":\"Allow\",\"Principal\":{\"Service\":\"ec2.amazonaws.com\"},\"Action\":\"sts:AssumeRole\"}]}",
                            "create_date": "2017-10-07T07:06:14Z",
                            "force_detach_policies": "false",
                            "id": "1s_ecs_demo_instance_role",
                            "name": "1s_ecs_demo_instance_role",
                            "path": "/",
                            "unique_id": "AROAIVRU7NECB2OT7KOKI"
                        },
                        "meta": {},
                        "tainted": false
                    },
                    "deposed": [],
                    "provider": ""
                },
                "aws_iam_role.service_role": {
                    "type": "aws_iam_role",
                    "depends_on": [],
                    "primary": {
                        "id": "1s_ecs_demo_service_role",
                        "attributes": {
                            "arn": "arn:aws:iam::842337631775:role/1s_ecs_demo_service_role",
                            "assume_role_policy": "{\"Version\":\"2008-10-17\",\"Statement\":[{\"Sid\":\"\",\"Effect\":\"Allow\",\"Principal\":{\"Service\":\"ecs.amazonaws.com\"},\"Action\":\"sts:AssumeRole\"}]}",
                            "create_date": "2017-10-07T07:06:14Z",
                            "force_detach_policies": "false",
                            "id": "1s_ecs_demo_service_role",
                            "name": "1s_ecs_demo_service_role",
                            "path": "/",
                            "unique_id": "AROAJDHCVZIVLTO7CXBKU"
                        },
                        "meta": {},
                        "tainted": false
                    },
                    "deposed": [],
                    "provider": ""
                },
                "aws_iam_role_policy.instance_role_policy": {
                    "type": "aws_iam_role_policy",
                    "depends_on": [
                        "aws_iam_role.instance_role"
                    ],
                    "primary": {
                        "id": "1s_ecs_demo_instance_role:1s_ecs_demo_instance_role_policy",
                        "attributes": {
                            "id": "1s_ecs_demo_instance_role:1s_ecs_demo_instance_role_policy",
                            "name": "1s_ecs_demo_instance_role_policy",
                            "policy": "{\n  \"Version\": \"2012-10-17\",\n  \"Statement\": [\n    {\n      \"Effect\": \"Allow\",\n      \"Action\": [\n          \"ecr:BatchCheckLayerAvailability\",\n          \"ecr:BatchGetImage\",\n          \"ecr:GetAuthorizationToken\",\n          \"ecr:GetDownloadUrlForLayer\",\n          \"ecs:CreateCluster\",\n          \"ecs:DeregisterContainerInstance\",\n          \"ecs:DiscoverPollEndpoint\",\n          \"ecs:Poll\",\n          \"ecs:RegisterContainerInstance\",\n          \"ecs:StartTelemetrySession\",\n          \"ecs:Submit*\",\n          \"ecs:UpdateContainerInstancesState\",\n          \"logs:CreateLogStream\",\n          \"logs:PutLogEvents\"\n      ],\n      \"Resource\": \"*\"\n    }\n  ]\n}\n",
                            "role": "1s_ecs_demo_instance_role"
                        },
                        "meta": {},
                        "tainted": false
                    },
                    "deposed": [],
                    "provider": ""
                },
                "aws_iam_role_policy.service_policy": {
                    "type": "aws_iam_role_policy",
                    "depends_on": [
                        "aws_iam_role.service_role"
                    ],
                    "primary": {
                        "id": "1s_ecs_demo_service_role:1s_ecs_demo_service_policy",
                        "attributes": {
                            "id": "1s_ecs_demo_service_role:1s_ecs_demo_service_policy",
                            "name": "1s_ecs_demo_service_policy",
                            "policy": "{\n  \"Version\": \"2012-10-17\",\n  \"Statement\": [\n    {\n      \"Effect\": \"Allow\",\n      \"Action\": [\n        \"ec2:AuthorizeSecurityGroupIngress\",\n        \"ec2:Describe*\",\n        \"elasticloadbalancing:DeregisterInstancesFromLoadBalancer\",\n        \"elasticloadbalancing:DeregisterTargets\",\n        \"elasticloadbalancing:Describe*\",\n        \"elasticloadbalancing:RegisterInstancesWithLoadBalancer\",\n        \"elasticloadbalancing:RegisterTargets\"\n      ],\n      \"Resource\": \"*\"\n    }\n  ]\n}\n",
                            "role": "1s_ecs_demo_service_role"
                        },
                        "meta": {},
                        "tainted": false
                    },
                    "deposed": [],
                    "provider": ""
                },
                "aws_internet_gateway.gw": {
                    "type": "aws_internet_gateway",
                    "depends_on": [
                        "aws_vpc.demo_vpc"
                    ],
                    "primary": {
                        "id": "igw-5b64363c",
                        "attributes": {
                            "id": "igw-5b64363c",
                            "tags.%": "1",
                            "tags.Name": "1S ECS Demo Gateway",
                            "vpc_id": "vpc-82b5f0e4"
                        },
                        "meta": {},
                        "tainted": false
                    },
                    "deposed": [],
                    "provider": ""
                },
                "aws_launch_configuration.launch_config": {
                    "type": "aws_launch_configuration",
                    "depends_on": [
                        "aws_iam_instance_profile.ecs_instance_profile",
                        "aws_security_group.ecs"
                    ],
                    "primary": {
                        "id": "1s_ecs_demo_launch_config_20171007070625167500000001",
                        "attributes": {
                            "associate_public_ip_address": "false",
                            "ebs_block_device.#": "0",
                            "ebs_optimized": "false",
                            "enable_monitoring": "true",
                            "ephemeral_block_device.#": "0",
                            "iam_instance_profile": "1s_ecs_demo_instance_profile",
                            "id": "1s_ecs_demo_launch_config_20171007070625167500000001",
                            "image_id": "ami-29f80351",
                            "instance_type": "t2.micro",
                            "key_name": "",
                            "name": "1s_ecs_demo_launch_config_20171007070625167500000001",
                            "name_prefix": "1s_ecs_demo_launch_config_",
                            "root_block_device.#": "0",
                            "security_groups.#": "1",
                            "security_groups.1325308634": "sg-9478c5e9",
                            "spot_price": "",
                            "user_data": "321020acdaf7ffe12513f248fb59a42220bfaca0",
                            "vpc_classic_link_id": "",
                            "vpc_classic_link_security_groups.#": "0"
                        },
                        "meta": {},
                        "tainted": false
                    },
                    "deposed": [],
                    "provider": ""
                },
                "aws_route_table_association.public-a": {
                    "type": "aws_route_table_association",
                    "depends_on": [
                        "aws_default_route_table.routes",
                        "aws_subnet.subnets"
                    ],
                    "primary": {
                        "id": "rtbassoc-29b8fb51",
                        "attributes": {
                            "id": "rtbassoc-29b8fb51",
                            "route_table_id": "rtb-3c2f8645",
                            "subnet_id": "subnet-ba3890f2"
                        },
                        "meta": {},
                        "tainted": false
                    },
                    "deposed": [],
                    "provider": ""
                },
                "aws_route_table_association.public-b": {
                    "type": "aws_route_table_association",
                    "depends_on": [
                        "aws_default_route_table.routes",
                        "aws_subnet.subnets.1"
                    ],
                    "primary": {
                        "id": "rtbassoc-82bbf8fa",
                        "attributes": {
                            "id": "rtbassoc-82bbf8fa",
                            "route_table_id": "rtb-3c2f8645",
                            "subnet_id": "subnet-4070fb26"
                        },
                        "meta": {},
                        "tainted": false
                    },
                    "deposed": [],
                    "provider": ""
                },
                "aws_security_group.alb": {
                    "type": "aws_security_group",
                    "depends_on": [
                        "aws_vpc.demo_vpc"
                    ],
                    "primary": {
                        "id": "sg-b57ec3c8",
                        "attributes": {
                            "description": "ALB security group for 1s_ecs_demo",
                            "egress.#": "1",
                            "egress.482069346.cidr_blocks.#": "1",
                            "egress.482069346.cidr_blocks.0": "0.0.0.0/0",
                            "egress.482069346.from_port": "0",
                            "egress.482069346.ipv6_cidr_blocks.#": "0",
                            "egress.482069346.prefix_list_ids.#": "0",
                            "egress.482069346.protocol": "-1",
                            "egress.482069346.security_groups.#": "0",
                            "egress.482069346.self": "false",
                            "egress.482069346.to_port": "0",
                            "id": "sg-b57ec3c8",
                            "ingress.#": "2",
                            "ingress.2214680975.cidr_blocks.#": "1",
                            "ingress.2214680975.cidr_blocks.0": "0.0.0.0/0",
                            "ingress.2214680975.from_port": "80",
                            "ingress.2214680975.ipv6_cidr_blocks.#": "0",
                            "ingress.2214680975.protocol": "tcp",
                            "ingress.2214680975.security_groups.#": "0",
                            "ingress.2214680975.self": "false",
                            "ingress.2214680975.to_port": "80",
                            "ingress.482069346.cidr_blocks.#": "1",
                            "ingress.482069346.cidr_blocks.0": "0.0.0.0/0",
                            "ingress.482069346.from_port": "0",
                            "ingress.482069346.ipv6_cidr_blocks.#": "0",
                            "ingress.482069346.protocol": "-1",
                            "ingress.482069346.security_groups.#": "0",
                            "ingress.482069346.self": "false",
                            "ingress.482069346.to_port": "0",
                            "name": "1s_ecs_demo_sg_alb",
                            "owner_id": "842337631775",
                            "tags.%": "1",
                            "tags.Name": "1S ECS Demo ALB Security Group",
                            "vpc_id": "vpc-82b5f0e4"
                        },
                        "meta": {},
                        "tainted": false
                    },
                    "deposed": [],
                    "provider": ""
                },
                "aws_security_group.ecs": {
                    "type": "aws_security_group",
                    "depends_on": [
                        "aws_vpc.demo_vpc"
                    ],
                    "primary": {
                        "id": "sg-9478c5e9",
                        "attributes": {
                            "description": "Allows ingress from the app ALB",
                            "egress.#": "1",
                            "egress.482069346.cidr_blocks.#": "1",
                            "egress.482069346.cidr_blocks.0": "0.0.0.0/0",
                            "egress.482069346.from_port": "0",
                            "egress.482069346.ipv6_cidr_blocks.#": "0",
                            "egress.482069346.prefix_list_ids.#": "0",
                            "egress.482069346.protocol": "-1",
                            "egress.482069346.security_groups.#": "0",
                            "egress.482069346.self": "false",
                            "egress.482069346.to_port": "0",
                            "id": "sg-9478c5e9",
                            "ingress.#": "1",
                            "ingress.482069346.cidr_blocks.#": "1",
                            "ingress.482069346.cidr_blocks.0": "0.0.0.0/0",
                            "ingress.482069346.from_port": "0",
                            "ingress.482069346.ipv6_cidr_blocks.#": "0",
                            "ingress.482069346.protocol": "-1",
                            "ingress.482069346.security_groups.#": "0",
                            "ingress.482069346.self": "false",
                            "ingress.482069346.to_port": "0",
                            "name": "1s_ecs_demo_sg_ecs",
                            "owner_id": "842337631775",
                            "tags.%": "1",
                            "tags.Name": "1S ECS Demo ECS Security Group",
                            "vpc_id": "vpc-82b5f0e4"
                        },
                        "meta": {},
                        "tainted": false
                    },
                    "deposed": [],
                    "provider": ""
                },
                "aws_subnet.subnets.0": {
                    "type": "aws_subnet",
                    "depends_on": [
                        "aws_vpc.demo_vpc"
                    ],
                    "primary": {
                        "id": "subnet-ba3890f2",
                        "attributes": {
                            "assign_ipv6_address_on_creation": "false",
                            "availability_zone": "us-west-2a",
                            "cidr_block": "10.25.0.0/19",
                            "id": "subnet-ba3890f2",
                            "map_public_ip_on_launch": "true",
                            "tags.%": "1",
                            "tags.Name": "1S ECS Demo Subnet",
                            "vpc_id": "vpc-82b5f0e4"
                        },
                        "meta": {
                            "schema_version": "1"
                        },
                        "tainted": false
                    },
                    "deposed": [],
                    "provider": ""
                },
                "aws_subnet.subnets.1": {
                    "type": "aws_subnet",
                    "depends_on": [
                        "aws_vpc.demo_vpc"
                    ],
                    "primary": {
                        "id": "subnet-4070fb26",
                        "attributes": {
                            "assign_ipv6_address_on_creation": "false",
                            "availability_zone": "us-west-2b",
                            "cidr_block": "10.25.32.0/19",
                            "id": "subnet-4070fb26",
                            "map_public_ip_on_launch": "true",
                            "tags.%": "1",
                            "tags.Name": "1S ECS Demo Subnet",
                            "vpc_id": "vpc-82b5f0e4"
                        },
                        "meta": {
                            "schema_version": "1"
                        },
                        "tainted": false
                    },
                    "deposed": [],
                    "provider": ""
                },
                "aws_vpc.demo_vpc": {
                    "type": "aws_vpc",
                    "depends_on": [],
                    "primary": {
                        "id": "vpc-82b5f0e4",
                        "attributes": {
                            "assign_generated_ipv6_cidr_block": "false",
                            "cidr_block": "10.25.0.0/16",
                            "default_network_acl_id": "acl-f9958d9f",
                            "default_route_table_id": "rtb-3c2f8645",
                            "default_security_group_id": "sg-9b78c5e6",
                            "dhcp_options_id": "dopt-c31e31a6",
                            "enable_classiclink": "false",
                            "enable_classiclink_dns_support": "false",
                            "enable_dns_hostnames": "true",
                            "enable_dns_support": "true",
                            "id": "vpc-82b5f0e4",
                            "instance_tenancy": "default",
                            "main_route_table_id": "rtb-3c2f8645",
                            "tags.%": "1",
                            "tags.Name": "1S ECS Demo VPC"
                        },
                        "meta": {
                            "schema_version": "1"
                        },
                        "tainted": false
                    },
                    "deposed": [],
                    "provider": ""
                }
            },
            "depends_on": []
        }
    ]
}
