{
    "version": 3,
    "terraform_version": "0.10.7",
    "serial": 90,
    "lineage": "a08fb581-42d1-40e9-87f3-f8fef38bb683",
    "modules": [
        {
            "path": [
                "root"
            ],
            "outputs": {
                "alb_dns_name": {
                    "sensitive": false,
                    "type": "string",
                    "value": "1s-demo-load-balancer-1110036426.us-west-2.elb.amazonaws.com"
                },
                "alb_security_group": {
                    "sensitive": false,
                    "type": "string",
                    "value": "sg-4f094d32"
                },
                "ecs_security_group": {
                    "sensitive": false,
                    "type": "string",
                    "value": "sg-b00b4fcd"
                },
                "subnets": {
                    "sensitive": false,
                    "type": "list",
                    "value": [
                        "subnet-528c051a",
                        "subnet-5cf79e3a"
                    ]
                },
                "vpc_id": {
                    "sensitive": false,
                    "type": "string",
                    "value": "vpc-78587c1e"
                }
            },
            "resources": {
                "aws_alb.load_balancer": {
                    "type": "aws_alb",
                    "depends_on": [
                        "aws_security_group.alb",
                        "aws_subnet.subnets.*"
                    ],
                    "primary": {
                        "id": "arn:aws:elasticloadbalancing:us-west-2:842337631775:loadbalancer/app/1s-demo-load-balancer/039b0efd8c83db76",
                        "attributes": {
                            "access_logs.#": "0",
                            "arn": "arn:aws:elasticloadbalancing:us-west-2:842337631775:loadbalancer/app/1s-demo-load-balancer/039b0efd8c83db76",
                            "arn_suffix": "app/1s-demo-load-balancer/039b0efd8c83db76",
                            "dns_name": "1s-demo-load-balancer-1110036426.us-west-2.elb.amazonaws.com",
                            "enable_deletion_protection": "false",
                            "id": "arn:aws:elasticloadbalancing:us-west-2:842337631775:loadbalancer/app/1s-demo-load-balancer/039b0efd8c83db76",
                            "idle_timeout": "60",
                            "internal": "false",
                            "ip_address_type": "ipv4",
                            "name": "1s-demo-load-balancer",
                            "security_groups.#": "1",
                            "security_groups.21184091": "sg-4f094d32",
                            "subnets.#": "2",
                            "subnets.1180970220": "subnet-528c051a",
                            "subnets.458477019": "subnet-5cf79e3a",
                            "tags.%": "1",
                            "tags.Name": "1S ECS Demo ALB",
                            "vpc_id": "vpc-78587c1e",
                            "zone_id": "Z1H1FL5HABSF5"
                        },
                        "meta": {
                            "e2bfb730-ecaa-11e6-8f88-34363bc7c4c0": {
                                "create": 600000000000,
                                "delete": 600000000000,
                                "update": 600000000000
                            }
                        },
                        "tainted": false
                    },
                    "deposed": [],
                    "provider": ""
                },
                "aws_alb_listener.front_end": {
                    "type": "aws_alb_listener",
                    "depends_on": [
                        "aws_alb.load_balancer",
                        "aws_alb_target_group.ecs_targets"
                    ],
                    "primary": {
                        "id": "arn:aws:elasticloadbalancing:us-west-2:842337631775:listener/app/1s-demo-load-balancer/039b0efd8c83db76/a91a81da099e7fde",
                        "attributes": {
                            "arn": "arn:aws:elasticloadbalancing:us-west-2:842337631775:listener/app/1s-demo-load-balancer/039b0efd8c83db76/a91a81da099e7fde",
                            "default_action.#": "1",
                            "default_action.0.target_group_arn": "arn:aws:elasticloadbalancing:us-west-2:842337631775:targetgroup/1s-ecs-demo-tg/5232073444a65ef6",
                            "default_action.0.type": "forward",
                            "id": "arn:aws:elasticloadbalancing:us-west-2:842337631775:listener/app/1s-demo-load-balancer/039b0efd8c83db76/a91a81da099e7fde",
                            "load_balancer_arn": "arn:aws:elasticloadbalancing:us-west-2:842337631775:loadbalancer/app/1s-demo-load-balancer/039b0efd8c83db76",
                            "port": "80",
                            "protocol": "HTTP",
                            "ssl_policy": ""
                        },
                        "meta": {},
                        "tainted": false
                    },
                    "deposed": [],
                    "provider": ""
                },
                "aws_alb_target_group.ecs_targets": {
                    "type": "aws_alb_target_group",
                    "depends_on": [
                        "aws_vpc.demo_vpc"
                    ],
                    "primary": {
                        "id": "arn:aws:elasticloadbalancing:us-west-2:842337631775:targetgroup/1s-ecs-demo-tg/5232073444a65ef6",
                        "attributes": {
                            "arn": "arn:aws:elasticloadbalancing:us-west-2:842337631775:targetgroup/1s-ecs-demo-tg/5232073444a65ef6",
                            "arn_suffix": "targetgroup/1s-ecs-demo-tg/5232073444a65ef6",
                            "deregistration_delay": "300",
                            "health_check.#": "1",
                            "health_check.0.healthy_threshold": "5",
                            "health_check.0.interval": "30",
                            "health_check.0.matcher": "200",
                            "health_check.0.path": "/",
                            "health_check.0.port": "traffic-port",
                            "health_check.0.protocol": "HTTP",
                            "health_check.0.timeout": "5",
                            "health_check.0.unhealthy_threshold": "2",
                            "id": "arn:aws:elasticloadbalancing:us-west-2:842337631775:targetgroup/1s-ecs-demo-tg/5232073444a65ef6",
                            "name": "1s-ecs-demo-tg",
                            "port": "80",
                            "protocol": "HTTP",
                            "stickiness.#": "1",
                            "stickiness.0.cookie_duration": "86400",
                            "stickiness.0.enabled": "false",
                            "stickiness.0.type": "lb_cookie",
                            "tags.%": "0",
                            "vpc_id": "vpc-78587c1e"
                        },
                        "meta": {},
                        "tainted": false
                    },
                    "deposed": [],
                    "provider": ""
                },
                "aws_autoscaling_group.ecs_asg": {
                    "type": "aws_autoscaling_group",
                    "depends_on": [
                        "aws_alb.load_balancer",
                        "aws_alb_target_group.ecs_targets",
                        "aws_launch_configuration.launch_config",
                        "aws_subnet.subnets",
                        "aws_subnet.subnets.*"
                    ],
                    "primary": {
                        "id": "1s_ecs_demo_asg",
                        "attributes": {
                            "arn": "arn:aws:autoscaling:us-west-2:842337631775:autoScalingGroup:8074aa3a-4289-4c79-b41b-c1ba7be5b2c0:autoScalingGroupName/1s_ecs_demo_asg",
                            "availability_zones.#": "2",
                            "availability_zones.221770259": "us-west-2b",
                            "availability_zones.2487133097": "us-west-2a",
                            "default_cooldown": "300",
                            "desired_capacity": "2",
                            "force_delete": "true",
                            "health_check_grace_period": "300",
                            "health_check_type": "EC2",
                            "id": "1s_ecs_demo_asg",
                            "launch_configuration": "1s_ecs_demo_launch_config_20171026162758185800000001",
                            "load_balancers.#": "0",
                            "max_size": "3",
                            "metrics_granularity": "1Minute",
                            "min_size": "1",
                            "name": "1s_ecs_demo_asg",
                            "placement_group": "",
                            "protect_from_scale_in": "false",
                            "suspended_processes.#": "0",
                            "tag.#": "1",
                            "tag.397279244.key": "Name",
                            "tag.397279244.propagate_at_launch": "true",
                            "tag.397279244.value": "1S ECS Demo Instance",
                            "target_group_arns.#": "1",
                            "target_group_arns.1716884446": "arn:aws:elasticloadbalancing:us-west-2:842337631775:targetgroup/1s-ecs-demo-tg/5232073444a65ef6",
                            "termination_policies.#": "0",
                            "vpc_zone_identifier.#": "2",
                            "vpc_zone_identifier.1180970220": "subnet-528c051a",
                            "vpc_zone_identifier.458477019": "subnet-5cf79e3a",
                            "wait_for_capacity_timeout": "10m"
                        },
                        "meta": {
                            "e2bfb730-ecaa-11e6-8f88-34363bc7c4c0": {
                                "delete": 600000000000
                            }
                        },
                        "tainted": false
                    },
                    "deposed": [],
                    "provider": ""
                },
                "aws_default_route_table.routes": {
                    "type": "aws_default_route_table",
                    "depends_on": [
                        "aws_internet_gateway.gw",
                        "aws_vpc.demo_vpc"
                    ],
                    "primary": {
                        "id": "rtb-a133a3d8",
                        "attributes": {
                            "default_route_table_id": "rtb-a133a3d8",
                            "id": "rtb-a133a3d8",
                            "propagating_vgws.#": "0",
                            "route.#": "1",
                            "route.4152618572.cidr_block": "10.0.0.0/0",
                            "route.4152618572.egress_only_gateway_id": "",
                            "route.4152618572.gateway_id": "igw-98b285ff",
                            "route.4152618572.instance_id": "",
                            "route.4152618572.ipv6_cidr_block": "",
                            "route.4152618572.nat_gateway_id": "",
                            "route.4152618572.network_interface_id": "",
                            "route.4152618572.vpc_peering_connection_id": "",
                            "tags.%": "1",
                            "tags.Name": "1S ECS Demo Route Table",
                            "vpc_id": "vpc-78587c1e"
                        },
                        "meta": {},
                        "tainted": false
                    },
                    "deposed": [],
                    "provider": ""
                },
                "aws_ecs_cluster.cluster": {
                    "type": "aws_ecs_cluster",
                    "depends_on": [],
                    "primary": {
                        "id": "arn:aws:ecs:us-west-2:842337631775:cluster/1S-ECS-Demo-Cluster",
                        "attributes": {
                            "id": "arn:aws:ecs:us-west-2:842337631775:cluster/1S-ECS-Demo-Cluster",
                            "name": "1S-ECS-Demo-Cluster"
                        },
                        "meta": {},
                        "tainted": false
                    },
                    "deposed": [],
                    "provider": ""
                },
                "aws_ecs_service.service": {
                    "type": "aws_ecs_service",
                    "depends_on": [
                        "aws_alb_target_group.ecs_targets",
                        "aws_autoscaling_group.ecs_asg",
                        "aws_ecs_cluster.cluster",
                        "aws_ecs_task_definition.task_def",
                        "aws_iam_instance_profile.ecs_instance_profile",
                        "aws_iam_role.service_role"
                    ],
                    "primary": {
                        "id": "arn:aws:ecs:us-west-2:842337631775:service/1s_ecs_demo",
                        "attributes": {
                            "cluster": "arn:aws:ecs:us-west-2:842337631775:cluster/1S-ECS-Demo-Cluster",
                            "deployment_maximum_percent": "200",
                            "deployment_minimum_healthy_percent": "100",
                            "desired_count": "2",
                            "iam_role": "arn:aws:iam::842337631775:role/1s_ecs_demo_service_role",
                            "id": "arn:aws:ecs:us-west-2:842337631775:service/1s_ecs_demo",
                            "load_balancer.#": "1",
                            "load_balancer.1302017142.container_name": "1s_ecs_demo_container",
                            "load_balancer.1302017142.container_port": "80",
                            "load_balancer.1302017142.elb_name": "",
                            "load_balancer.1302017142.target_group_arn": "arn:aws:elasticloadbalancing:us-west-2:842337631775:targetgroup/1s-ecs-demo-tg/5232073444a65ef6",
                            "name": "1s_ecs_demo",
                            "placement_constraints.#": "0",
                            "placement_strategy.#": "1",
                            "placement_strategy.2437993776.field": "attribute:ecs.availability_zone",
                            "placement_strategy.2437993776.type": "spread",
                            "task_definition": "arn:aws:ecs:us-west-2:842337631775:task-definition/1s_ecs_demo_task:15"
                        },
                        "meta": {},
                        "tainted": false
                    },
                    "deposed": [],
                    "provider": ""
                },
                "aws_ecs_task_definition.task_def": {
                    "type": "aws_ecs_task_definition",
                    "depends_on": [
                        "aws_alb.load_balancer"
                    ],
                    "primary": {
                        "id": "1s_ecs_demo_task",
                        "attributes": {
                            "arn": "arn:aws:ecs:us-west-2:842337631775:task-definition/1s_ecs_demo_task:15",
                            "container_definitions": "5c7dfd6797ca098175929bca8947dbb6c334a58c",
                            "family": "1s_ecs_demo_task",
                            "id": "1s_ecs_demo_task",
                            "network_mode": "",
                            "placement_constraints.#": "0",
                            "revision": "15",
                            "task_role_arn": ""
                        },
                        "meta": {},
                        "tainted": false
                    },
                    "deposed": [],
                    "provider": ""
                },
                "aws_iam_instance_profile.ecs_instance_profile": {
                    "type": "aws_iam_instance_profile",
                    "depends_on": [
                        "aws_iam_role.instance_role"
                    ],
                    "primary": {
                        "id": "1s_ecs_demo_instance_profile",
                        "attributes": {
                            "arn": "arn:aws:iam::842337631775:instance-profile/1s_ecs_demo_instance_profile",
                            "id": "1s_ecs_demo_instance_profile",
                            "name": "1s_ecs_demo_instance_profile",
                            "path": "/",
                            "role": "1s_ecs_demo_instance_role",
                            "roles.#": "1",
                            "roles.158766129": "1s_ecs_demo_instance_role",
                            "unique_id": "AIPAIWJZPB5RIH6KRZZKO"
                        },
                        "meta": {},
                        "tainted": false
                    },
                    "deposed": [],
                    "provider": ""
                },
                "aws_iam_role.instance_role": {
                    "type": "aws_iam_role",
                    "depends_on": [],
                    "primary": {
                        "id": "1s_ecs_demo_instance_role",
                        "attributes": {
                            "arn": "arn:aws:iam::842337631775:role/1s_ecs_demo_instance_role",
                            "assume_role_policy": "{\"Version\":\"2008-10-17\",\"Statement\":[{\"Sid\":\"\",\"Effect\":\"Allow\",\"Principal\":{\"Service\":\"ec2.amazonaws.com\"},\"Action\":\"sts:AssumeRole\"}]}",
                            "create_date": "2017-10-26T16:27:47Z",
                            "force_detach_policies": "false",
                            "id": "1s_ecs_demo_instance_role",
                            "name": "1s_ecs_demo_instance_role",
                            "path": "/",
                            "unique_id": "AROAJ3KXXUB7BSQIISOQY"
                        },
                        "meta": {},
                        "tainted": false
                    },
                    "deposed": [],
                    "provider": ""
                },
                "aws_iam_role.service_role": {
                    "type": "aws_iam_role",
                    "depends_on": [],
                    "primary": {
                        "id": "1s_ecs_demo_service_role",
                        "attributes": {
                            "arn": "arn:aws:iam::842337631775:role/1s_ecs_demo_service_role",
                            "assume_role_policy": "{\"Version\":\"2008-10-17\",\"Statement\":[{\"Sid\":\"\",\"Effect\":\"Allow\",\"Principal\":{\"Service\":\"ecs.amazonaws.com\"},\"Action\":\"sts:AssumeRole\"}]}",
                            "create_date": "2017-10-26T16:27:47Z",
                            "force_detach_policies": "false",
                            "id": "1s_ecs_demo_service_role",
                            "name": "1s_ecs_demo_service_role",
                            "path": "/",
                            "unique_id": "AROAIBNDHQYPBW2TAX6JQ"
                        },
                        "meta": {},
                        "tainted": false
                    },
                    "deposed": [],
                    "provider": ""
                },
                "aws_iam_role_policy.instance_role_policy": {
                    "type": "aws_iam_role_policy",
                    "depends_on": [
                        "aws_iam_role.instance_role"
                    ],
                    "primary": {
                        "id": "1s_ecs_demo_instance_role:1s_ecs_demo_instance_role_policy",
                        "attributes": {
                            "id": "1s_ecs_demo_instance_role:1s_ecs_demo_instance_role_policy",
                            "name": "1s_ecs_demo_instance_role_policy",
                            "policy": "{\n  \"Version\": \"2012-10-17\",\n  \"Statement\": [\n    {\n      \"Effect\": \"Allow\",\n      \"Action\": [\n          \"ecr:BatchCheckLayerAvailability\",\n          \"ecr:BatchGetImage\",\n          \"ecr:GetAuthorizationToken\",\n          \"ecr:GetDownloadUrlForLayer\",\n          \"ecs:CreateCluster\",\n          \"ecs:DeregisterContainerInstance\",\n          \"ecs:DiscoverPollEndpoint\",\n          \"ecs:Poll\",\n          \"ecs:RegisterContainerInstance\",\n          \"ecs:StartTelemetrySession\",\n          \"ecs:Submit*\",\n          \"ecs:UpdateContainerInstancesState\",\n          \"logs:CreateLogStream\",\n          \"logs:PutLogEvents\"\n      ],\n      \"Resource\": \"*\"\n    }\n  ]\n}\n",
                            "role": "1s_ecs_demo_instance_role"
                        },
                        "meta": {},
                        "tainted": false
                    },
                    "deposed": [],
                    "provider": ""
                },
                "aws_iam_role_policy.service_policy": {
                    "type": "aws_iam_role_policy",
                    "depends_on": [
                        "aws_iam_role.service_role"
                    ],
                    "primary": {
                        "id": "1s_ecs_demo_service_role:1s_ecs_demo_service_policy",
                        "attributes": {
                            "id": "1s_ecs_demo_service_role:1s_ecs_demo_service_policy",
                            "name": "1s_ecs_demo_service_policy",
                            "policy": "{\n  \"Version\": \"2012-10-17\",\n  \"Statement\": [\n    {\n      \"Effect\": \"Allow\",\n      \"Action\": [\n        \"ec2:AuthorizeSecurityGroupIngress\",\n        \"ec2:Describe*\",\n        \"elasticloadbalancing:DeregisterInstancesFromLoadBalancer\",\n        \"elasticloadbalancing:DeregisterTargets\",\n        \"elasticloadbalancing:Describe*\",\n        \"elasticloadbalancing:RegisterInstancesWithLoadBalancer\",\n        \"elasticloadbalancing:RegisterTargets\"\n      ],\n      \"Resource\": \"*\"\n    }\n  ]\n}\n",
                            "role": "1s_ecs_demo_service_role"
                        },
                        "meta": {},
                        "tainted": false
                    },
                    "deposed": [],
                    "provider": ""
                },
                "aws_internet_gateway.gw": {
                    "type": "aws_internet_gateway",
                    "depends_on": [
                        "aws_vpc.demo_vpc"
                    ],
                    "primary": {
                        "id": "igw-98b285ff",
                        "attributes": {
                            "id": "igw-98b285ff",
                            "tags.%": "1",
                            "tags.Name": "1S ECS Demo Gateway",
                            "vpc_id": "vpc-78587c1e"
                        },
                        "meta": {},
                        "tainted": false
                    },
                    "deposed": [],
                    "provider": ""
                },
                "aws_launch_configuration.launch_config": {
                    "type": "aws_launch_configuration",
                    "depends_on": [
                        "aws_iam_instance_profile.ecs_instance_profile",
                        "aws_security_group.ecs"
                    ],
                    "primary": {
                        "id": "1s_ecs_demo_launch_config_20171026162758185800000001",
                        "attributes": {
                            "associate_public_ip_address": "false",
                            "ebs_block_device.#": "0",
                            "ebs_optimized": "false",
                            "enable_monitoring": "true",
                            "ephemeral_block_device.#": "0",
                            "iam_instance_profile": "1s_ecs_demo_instance_profile",
                            "id": "1s_ecs_demo_launch_config_20171026162758185800000001",
                            "image_id": "ami-29f80351",
                            "instance_type": "t2.micro",
                            "key_name": "ragraves_key",
                            "name": "1s_ecs_demo_launch_config_20171026162758185800000001",
                            "name_prefix": "1s_ecs_demo_launch_config_",
                            "root_block_device.#": "0",
                            "security_groups.#": "1",
                            "security_groups.2801507254": "sg-b00b4fcd",
                            "spot_price": "",
                            "user_data": "321020acdaf7ffe12513f248fb59a42220bfaca0",
                            "vpc_classic_link_id": "",
                            "vpc_classic_link_security_groups.#": "0"
                        },
                        "meta": {},
                        "tainted": false
                    },
                    "deposed": [],
                    "provider": ""
                },
                "aws_route_table_association.public-a": {
                    "type": "aws_route_table_association",
                    "depends_on": [
                        "aws_default_route_table.routes",
                        "aws_subnet.subnets"
                    ],
                    "primary": {
                        "id": "rtbassoc-636c551b",
                        "attributes": {
                            "id": "rtbassoc-636c551b",
                            "route_table_id": "rtb-a133a3d8",
                            "subnet_id": "subnet-528c051a"
                        },
                        "meta": {},
                        "tainted": false
                    },
                    "deposed": [],
                    "provider": ""
                },
                "aws_route_table_association.public-b": {
                    "type": "aws_route_table_association",
                    "depends_on": [
                        "aws_default_route_table.routes",
                        "aws_subnet.subnets.1"
                    ],
                    "primary": {
                        "id": "rtbassoc-d06059a8",
                        "attributes": {
                            "id": "rtbassoc-d06059a8",
                            "route_table_id": "rtb-a133a3d8",
                            "subnet_id": "subnet-5cf79e3a"
                        },
                        "meta": {},
                        "tainted": false
                    },
                    "deposed": [],
                    "provider": ""
                },
                "aws_security_group.alb": {
                    "type": "aws_security_group",
                    "depends_on": [
                        "aws_vpc.demo_vpc"
                    ],
                    "primary": {
                        "id": "sg-4f094d32",
                        "attributes": {
                            "description": "ALB security group for 1s_ecs_demo",
                            "egress.#": "1",
                            "egress.482069346.cidr_blocks.#": "1",
                            "egress.482069346.cidr_blocks.0": "0.0.0.0/0",
                            "egress.482069346.from_port": "0",
                            "egress.482069346.ipv6_cidr_blocks.#": "0",
                            "egress.482069346.prefix_list_ids.#": "0",
                            "egress.482069346.protocol": "-1",
                            "egress.482069346.security_groups.#": "0",
                            "egress.482069346.self": "false",
                            "egress.482069346.to_port": "0",
                            "id": "sg-4f094d32",
                            "ingress.#": "2",
                            "ingress.2214680975.cidr_blocks.#": "1",
                            "ingress.2214680975.cidr_blocks.0": "0.0.0.0/0",
                            "ingress.2214680975.from_port": "80",
                            "ingress.2214680975.ipv6_cidr_blocks.#": "0",
                            "ingress.2214680975.protocol": "tcp",
                            "ingress.2214680975.security_groups.#": "0",
                            "ingress.2214680975.self": "false",
                            "ingress.2214680975.to_port": "80",
                            "ingress.2870038246.cidr_blocks.#": "0",
                            "ingress.2870038246.from_port": "0",
                            "ingress.2870038246.ipv6_cidr_blocks.#": "0",
                            "ingress.2870038246.protocol": "-1",
                            "ingress.2870038246.security_groups.#": "1",
                            "ingress.2870038246.security_groups.2801507254": "sg-b00b4fcd",
                            "ingress.2870038246.self": "false",
                            "ingress.2870038246.to_port": "0",
                            "name": "1s_ecs_demo_sg_alb",
                            "owner_id": "842337631775",
                            "tags.%": "1",
                            "tags.Name": "1S ECS Demo ALB Security Group",
                            "vpc_id": "vpc-78587c1e"
                        },
                        "meta": {},
                        "tainted": false
                    },
                    "deposed": [],
                    "provider": ""
                },
                "aws_security_group.ecs": {
                    "type": "aws_security_group",
                    "depends_on": [
                        "aws_vpc.demo_vpc"
                    ],
                    "primary": {
                        "id": "sg-b00b4fcd",
                        "attributes": {
                            "description": "Allows ingress from the app ALB",
                            "egress.#": "1",
                            "egress.482069346.cidr_blocks.#": "1",
                            "egress.482069346.cidr_blocks.0": "0.0.0.0/0",
                            "egress.482069346.from_port": "0",
                            "egress.482069346.ipv6_cidr_blocks.#": "0",
                            "egress.482069346.prefix_list_ids.#": "0",
                            "egress.482069346.protocol": "-1",
                            "egress.482069346.security_groups.#": "0",
                            "egress.482069346.self": "false",
                            "egress.482069346.to_port": "0",
                            "id": "sg-b00b4fcd",
                            "ingress.#": "1",
                            "ingress.1963812998.cidr_blocks.#": "0",
                            "ingress.1963812998.from_port": "0",
                            "ingress.1963812998.ipv6_cidr_blocks.#": "0",
                            "ingress.1963812998.protocol": "-1",
                            "ingress.1963812998.security_groups.#": "1",
                            "ingress.1963812998.security_groups.21184091": "sg-4f094d32",
                            "ingress.1963812998.self": "false",
                            "ingress.1963812998.to_port": "0",
                            "name": "1s_ecs_demo_sg_ecs",
                            "owner_id": "842337631775",
                            "tags.%": "1",
                            "tags.Name": "1S ECS Demo ECS Security Group",
                            "vpc_id": "vpc-78587c1e"
                        },
                        "meta": {},
                        "tainted": false
                    },
                    "deposed": [],
                    "provider": ""
                },
                "aws_security_group_rule.alb_egress_rule": {
                    "type": "aws_security_group_rule",
                    "depends_on": [
                        "aws_security_group.alb"
                    ],
                    "primary": {
                        "id": "sgrule-2051813514",
                        "attributes": {
                            "cidr_blocks.#": "1",
                            "cidr_blocks.0": "0.0.0.0/0",
                            "from_port": "0",
                            "id": "sgrule-2051813514",
                            "ipv6_cidr_blocks.#": "0",
                            "prefix_list_ids.#": "0",
                            "protocol": "-1",
                            "security_group_id": "sg-4f094d32",
                            "self": "false",
                            "to_port": "0",
                            "type": "egress"
                        },
                        "meta": {
                            "schema_version": "2"
                        },
                        "tainted": false
                    },
                    "deposed": [],
                    "provider": ""
                },
                "aws_security_group_rule.alb_ingress_rule": {
                    "type": "aws_security_group_rule",
                    "depends_on": [
                        "aws_security_group.alb"
                    ],
                    "primary": {
                        "id": "sgrule-1520650754",
                        "attributes": {
                            "cidr_blocks.#": "1",
                            "cidr_blocks.0": "0.0.0.0/0",
                            "from_port": "80",
                            "id": "sgrule-1520650754",
                            "ipv6_cidr_blocks.#": "0",
                            "prefix_list_ids.#": "0",
                            "protocol": "tcp",
                            "security_group_id": "sg-4f094d32",
                            "self": "false",
                            "to_port": "80",
                            "type": "ingress"
                        },
                        "meta": {
                            "schema_version": "2"
                        },
                        "tainted": false
                    },
                    "deposed": [],
                    "provider": ""
                },
                "aws_security_group_rule.allow_alb_traffic": {
                    "type": "aws_security_group_rule",
                    "depends_on": [
                        "aws_security_group.alb",
                        "aws_security_group.ecs"
                    ],
                    "primary": {
                        "id": "sgrule-4166325107",
                        "attributes": {
                            "cidr_blocks.#": "0",
                            "from_port": "0",
                            "id": "sgrule-4166325107",
                            "ipv6_cidr_blocks.#": "0",
                            "prefix_list_ids.#": "0",
                            "protocol": "-1",
                            "security_group_id": "sg-b00b4fcd",
                            "self": "false",
                            "source_security_group_id": "sg-4f094d32",
                            "to_port": "0",
                            "type": "ingress"
                        },
                        "meta": {
                            "schema_version": "2"
                        },
                        "tainted": false
                    },
                    "deposed": [],
                    "provider": ""
                },
                "aws_security_group_rule.allow_ecs_traffic": {
                    "type": "aws_security_group_rule",
                    "depends_on": [
                        "aws_security_group.alb",
                        "aws_security_group.ecs"
                    ],
                    "primary": {
                        "id": "sgrule-2423268719",
                        "attributes": {
                            "cidr_blocks.#": "0",
                            "from_port": "0",
                            "id": "sgrule-2423268719",
                            "ipv6_cidr_blocks.#": "0",
                            "prefix_list_ids.#": "0",
                            "protocol": "-1",
                            "security_group_id": "sg-4f094d32",
                            "self": "false",
                            "source_security_group_id": "sg-b00b4fcd",
                            "to_port": "0",
                            "type": "ingress"
                        },
                        "meta": {
                            "schema_version": "2"
                        },
                        "tainted": false
                    },
                    "deposed": [],
                    "provider": ""
                },
                "aws_security_group_rule.ecs_egress_rule": {
                    "type": "aws_security_group_rule",
                    "depends_on": [
                        "aws_security_group.ecs"
                    ],
                    "primary": {
                        "id": "sgrule-1844795253",
                        "attributes": {
                            "cidr_blocks.#": "1",
                            "cidr_blocks.0": "0.0.0.0/0",
                            "from_port": "0",
                            "id": "sgrule-1844795253",
                            "ipv6_cidr_blocks.#": "0",
                            "prefix_list_ids.#": "0",
                            "protocol": "-1",
                            "security_group_id": "sg-b00b4fcd",
                            "self": "false",
                            "to_port": "0",
                            "type": "egress"
                        },
                        "meta": {
                            "schema_version": "2"
                        },
                        "tainted": false
                    },
                    "deposed": [],
                    "provider": ""
                },
                "aws_subnet.subnets.0": {
                    "type": "aws_subnet",
                    "depends_on": [
                        "aws_vpc.demo_vpc"
                    ],
                    "primary": {
                        "id": "subnet-528c051a",
                        "attributes": {
                            "assign_ipv6_address_on_creation": "false",
                            "availability_zone": "us-west-2a",
                            "cidr_block": "10.25.0.0/19",
                            "id": "subnet-528c051a",
                            "map_public_ip_on_launch": "true",
                            "tags.%": "1",
                            "tags.Name": "1S ECS Demo Subnet",
                            "vpc_id": "vpc-78587c1e"
                        },
                        "meta": {
                            "schema_version": "1"
                        },
                        "tainted": false
                    },
                    "deposed": [],
                    "provider": ""
                },
                "aws_subnet.subnets.1": {
                    "type": "aws_subnet",
                    "depends_on": [
                        "aws_vpc.demo_vpc"
                    ],
                    "primary": {
                        "id": "subnet-5cf79e3a",
                        "attributes": {
                            "assign_ipv6_address_on_creation": "false",
                            "availability_zone": "us-west-2b",
                            "cidr_block": "10.25.32.0/19",
                            "id": "subnet-5cf79e3a",
                            "map_public_ip_on_launch": "true",
                            "tags.%": "1",
                            "tags.Name": "1S ECS Demo Subnet",
                            "vpc_id": "vpc-78587c1e"
                        },
                        "meta": {
                            "schema_version": "1"
                        },
                        "tainted": false
                    },
                    "deposed": [],
                    "provider": ""
                },
                "aws_vpc.demo_vpc": {
                    "type": "aws_vpc",
                    "depends_on": [],
                    "primary": {
                        "id": "vpc-78587c1e",
                        "attributes": {
                            "assign_generated_ipv6_cidr_block": "false",
                            "cidr_block": "10.25.0.0/16",
                            "default_network_acl_id": "acl-a8d412d1",
                            "default_route_table_id": "rtb-a133a3d8",
                            "default_security_group_id": "sg-f8145085",
                            "dhcp_options_id": "dopt-c31e31a6",
                            "enable_classiclink": "false",
                            "enable_classiclink_dns_support": "false",
                            "enable_dns_hostnames": "true",
                            "enable_dns_support": "true",
                            "id": "vpc-78587c1e",
                            "instance_tenancy": "default",
                            "main_route_table_id": "rtb-a133a3d8",
                            "tags.%": "1",
                            "tags.Name": "1S ECS Demo VPC"
                        },
                        "meta": {
                            "schema_version": "1"
                        },
                        "tainted": false
                    },
                    "deposed": [],
                    "provider": ""
                }
            },
            "depends_on": []
        }
    ]
}
